
Microsoft Visual Studio Solution File, Format Version 12.00
# Visual Studio Version 16
VisualStudioVersion = 25.0.1706.7
MinimumVisualStudioVersion = 10.0.40219.1
Project("{FAE04EC0-301F-11D3-BF4B-00C04F79EFBC}") = "ThreeBearsKitchen", "ThreeBearsKitchen\ThreeBearsKitchen.csproj", "{14A2CACC-CB5E-4676-AC44-A274C8BB978A}"
EndProject
Global
	GlobalSection(SolutionConfigurationPlatforms) = preSolution
		Debug|Any CPU = Debug|Any CPU
		Release|Any CPU = Release|Any CPU
	EndGlobalSection
	GlobalSection(ProjectConfigurationPlatforms) = postSolution
		{14A2CACC-CB5E-4676-AC44-A274C8BB978A}.Debug|Any CPU.ActiveCfg = Debug|Any CPU
		{14A2CACC-CB5E-4676-AC44-A274C8BB978A}.Debug|Any CPU.Build.0 = Debug|Any CPU
		{14A2CACC-CB5E-4676-AC44-A274C8BB978A}.Release|Any CPU.ActiveCfg = Release|Any CPU
		{14A2CACC-CB5E-4676-AC44-A274C8BB978A}.Release|Any CPU.Build.0 = Release|Any CPU
	EndGlobalSection
	GlobalSection(SolutionProperties) = preSolution
		HideSolutionNode = FALSE
	EndGlobalSection
	GlobalSection(ExtensibilityGlobals) = postSolution
		SolutionGuid = {913046CD-C39F-476C-9668-C667F14BE7FF}
	EndGlobalSection
EndGlobal
